
Microsoft Visual Studio Solution File, Format Version 12.00
# Visual Studio Version 17
VisualStudioVersion = 17.3.32929.385
MinimumVisualStudioVersion = 10.0.40219.1
Project("{9A19103F-16F7-4668-BE54-9A1E7A4F7556}") = "ALXCourse", "ALXCourse\ALXCourse.csproj", "{7E9FDF69-C671-4699-81FF-404E52A8B3B7}"
EndProject
Project("{9A19103F-16F7-4668-BE54-9A1E7A4F7556}") = "ALXCalc", "ALXCalc\ALXCalc.csproj", "{C723D84F-ED08-49E1-8983-F9D1B78D7375}"
EndProject
Project("{9A19103F-16F7-4668-BE54-9A1E7A4F7556}") = "AlxCousrseHomework", "AlxCousrseHomework\AlxCousrseHomework.csproj", "{11E8D818-8558-4A85-AEC9-FBBD07042F9F}"
EndProject
Project("{9A19103F-16F7-4668-BE54-9A1E7A4F7556}") = "CommonFunctionalities", "CommonFunctionalities\CommonFunctionalities.csproj", "{0E12BF39-5446-40C0-A742-5AE5C4B0E7DB}"
EndProject
Project("{9A19103F-16F7-4668-BE54-9A1E7A4F7556}") = "ShopApp", "ShopApp\ShopApp.csproj", "{308E991B-FD3D-4C30-BE2C-32FE2FB435BD}"
EndProject
Project("{2150E333-8FDC-42A3-9474-1A3956D46DE8}") = "FormApps", "FormApps", "{1B68AC9E-071F-460D-8E9F-6AE8F2380321}"
EndProject
Project("{9A19103F-16F7-4668-BE54-9A1E7A4F7556}") = "HardCoded", "FormApp\HardCoded.csproj", "{4707394C-5362-4509-92F8-850FBC0798BE}"
EndProject
Project("{9A19103F-16F7-4668-BE54-9A1E7A4F7556}") = "CourseFormApp", "CourseFormApp\CourseFormApp.csproj", "{CD9EF408-4013-4003-8631-C5688FBFC0D8}"
EndProject
Project("{2150E333-8FDC-42A3-9474-1A3956D46DE8}") = "Assignments", "Assignments", "{44F0FFF7-A547-4824-858E-F16BD1D025AC}"
EndProject
Project("{FAE04EC0-301F-11D3-BF4B-00C04F79EFBC}") = "MovingButton", "MovingButton\MovingButton.csproj", "{92F54CAC-DD87-427B-996A-C6E96766A2A1}"
EndProject
Project("{FAE04EC0-301F-11D3-BF4B-00C04F79EFBC}") = "CalculatorForm", "CalculatorForm\CalculatorForm.csproj", "{139E994A-9940-47DF-BD16-F5A5A4ED6E15}"
EndProject
Project("{2150E333-8FDC-42A3-9474-1A3956D46DE8}") = "ConnsolApp", "ConnsolApp", "{4DA0D194-CFF3-495D-9F2B-F26FE56FF162}"
EndProject
Project("{FAE04EC0-301F-11D3-BF4B-00C04F79EFBC}") = "CalculatorConsol", "CalculatorConsol\CalculatorConsol.csproj", "{FAC47FB2-7CC7-44FB-932F-F1520858F0A0}"
EndProject
Global
	GlobalSection(SolutionConfigurationPlatforms) = preSolution
		Debug|Any CPU = Debug|Any CPU
		Release|Any CPU = Release|Any CPU
	EndGlobalSection
	GlobalSection(ProjectConfigurationPlatforms) = postSolution
		{7E9FDF69-C671-4699-81FF-404E52A8B3B7}.Debug|Any CPU.ActiveCfg = Debug|Any CPU
		{7E9FDF69-C671-4699-81FF-404E52A8B3B7}.Debug|Any CPU.Build.0 = Debug|Any CPU
		{7E9FDF69-C671-4699-81FF-404E52A8B3B7}.Release|Any CPU.ActiveCfg = Release|Any CPU
		{7E9FDF69-C671-4699-81FF-404E52A8B3B7}.Release|Any CPU.Build.0 = Release|Any CPU
		{C723D84F-ED08-49E1-8983-F9D1B78D7375}.Debug|Any CPU.ActiveCfg = Debug|Any CPU
		{C723D84F-ED08-49E1-8983-F9D1B78D7375}.Debug|Any CPU.Build.0 = Debug|Any CPU
		{C723D84F-ED08-49E1-8983-F9D1B78D7375}.Release|Any CPU.ActiveCfg = Release|Any CPU
		{C723D84F-ED08-49E1-8983-F9D1B78D7375}.Release|Any CPU.Build.0 = Release|Any CPU
		{11E8D818-8558-4A85-AEC9-FBBD07042F9F}.Debug|Any CPU.ActiveCfg = Debug|Any CPU
		{11E8D818-8558-4A85-AEC9-FBBD07042F9F}.Debug|Any CPU.Build.0 = Debug|Any CPU
		{11E8D818-8558-4A85-AEC9-FBBD07042F9F}.Release|Any CPU.ActiveCfg = Release|Any CPU
		{11E8D818-8558-4A85-AEC9-FBBD07042F9F}.Release|Any CPU.Build.0 = Release|Any CPU
		{0E12BF39-5446-40C0-A742-5AE5C4B0E7DB}.Debug|Any CPU.ActiveCfg = Debug|Any CPU
		{0E12BF39-5446-40C0-A742-5AE5C4B0E7DB}.Debug|Any CPU.Build.0 = Debug|Any CPU
		{0E12BF39-5446-40C0-A742-5AE5C4B0E7DB}.Release|Any CPU.ActiveCfg = Release|Any CPU
		{0E12BF39-5446-40C0-A742-5AE5C4B0E7DB}.Release|Any CPU.Build.0 = Release|Any CPU
		{308E991B-FD3D-4C30-BE2C-32FE2FB435BD}.Debug|Any CPU.ActiveCfg = Debug|Any CPU
		{308E991B-FD3D-4C30-BE2C-32FE2FB435BD}.Debug|Any CPU.Build.0 = Debug|Any CPU
		{308E991B-FD3D-4C30-BE2C-32FE2FB435BD}.Release|Any CPU.ActiveCfg = Release|Any CPU
		{308E991B-FD3D-4C30-BE2C-32FE2FB435BD}.Release|Any CPU.Build.0 = Release|Any CPU
		{4707394C-5362-4509-92F8-850FBC0798BE}.Debug|Any CPU.ActiveCfg = Debug|Any CPU
		{4707394C-5362-4509-92F8-850FBC0798BE}.Debug|Any CPU.Build.0 = Debug|Any CPU
		{4707394C-5362-4509-92F8-850FBC0798BE}.Release|Any CPU.ActiveCfg = Release|Any CPU
		{4707394C-5362-4509-92F8-850FBC0798BE}.Release|Any CPU.Build.0 = Release|Any CPU
		{CD9EF408-4013-4003-8631-C5688FBFC0D8}.Debug|Any CPU.ActiveCfg = Debug|Any CPU
		{CD9EF408-4013-4003-8631-C5688FBFC0D8}.Debug|Any CPU.Build.0 = Debug|Any CPU
		{CD9EF408-4013-4003-8631-C5688FBFC0D8}.Release|Any CPU.ActiveCfg = Release|Any CPU
		{CD9EF408-4013-4003-8631-C5688FBFC0D8}.Release|Any CPU.Build.0 = Release|Any CPU
		{92F54CAC-DD87-427B-996A-C6E96766A2A1}.Debug|Any CPU.ActiveCfg = Debug|Any CPU
		{92F54CAC-DD87-427B-996A-C6E96766A2A1}.Debug|Any CPU.Build.0 = Debug|Any CPU
		{92F54CAC-DD87-427B-996A-C6E96766A2A1}.Release|Any CPU.ActiveCfg = Release|Any CPU
		{92F54CAC-DD87-427B-996A-C6E96766A2A1}.Release|Any CPU.Build.0 = Release|Any CPU
		{139E994A-9940-47DF-BD16-F5A5A4ED6E15}.Debug|Any CPU.ActiveCfg = Debug|Any CPU
		{139E994A-9940-47DF-BD16-F5A5A4ED6E15}.Debug|Any CPU.Build.0 = Debug|Any CPU
		{139E994A-9940-47DF-BD16-F5A5A4ED6E15}.Release|Any CPU.ActiveCfg = Release|Any CPU
		{139E994A-9940-47DF-BD16-F5A5A4ED6E15}.Release|Any CPU.Build.0 = Release|Any CPU
		{FAC47FB2-7CC7-44FB-932F-F1520858F0A0}.Debug|Any CPU.ActiveCfg = Debug|Any CPU
		{FAC47FB2-7CC7-44FB-932F-F1520858F0A0}.Debug|Any CPU.Build.0 = Debug|Any CPU
		{FAC47FB2-7CC7-44FB-932F-F1520858F0A0}.Release|Any CPU.ActiveCfg = Release|Any CPU
		{FAC47FB2-7CC7-44FB-932F-F1520858F0A0}.Release|Any CPU.Build.0 = Release|Any CPU
	EndGlobalSection
	GlobalSection(SolutionProperties) = preSolution
		HideSolutionNode = FALSE
	EndGlobalSection
	GlobalSection(NestedProjects) = preSolution
		{4707394C-5362-4509-92F8-850FBC0798BE} = {1B68AC9E-071F-460D-8E9F-6AE8F2380321}
		{CD9EF408-4013-4003-8631-C5688FBFC0D8} = {1B68AC9E-071F-460D-8E9F-6AE8F2380321}
		{92F54CAC-DD87-427B-996A-C6E96766A2A1} = {44F0FFF7-A547-4824-858E-F16BD1D025AC}
		{139E994A-9940-47DF-BD16-F5A5A4ED6E15} = {1B68AC9E-071F-460D-8E9F-6AE8F2380321}
		{FAC47FB2-7CC7-44FB-932F-F1520858F0A0} = {4DA0D194-CFF3-495D-9F2B-F26FE56FF162}
	EndGlobalSection
	GlobalSection(ExtensibilityGlobals) = postSolution
		SolutionGuid = {E7508A46-950C-422C-A0D8-492C10CA7590}
	EndGlobalSection
EndGlobal
